
Microsoft Visual Studio Solution File, Format Version 12.00
# Visual Studio Version 17
VisualStudioVersion = 17.1.32328.378
MinimumVisualStudioVersion = 10.0.40219.1
Project("{FAE04EC0-301F-11D3-BF4B-00C04F79EFBC}") = "Zadanie_2_Kalkulator", "Zadanie_2_Kalkulator\Zadanie_2_Kalkulator.csproj", "{BE779A12-53B3-402A-842C-27FF0E552E84}"
EndProject
Global
	GlobalSection(SolutionConfigurationPlatforms) = preSolution
		Debug|Any CPU = Debug|Any CPU
		Release|Any CPU = Release|Any CPU
	EndGlobalSection
	GlobalSection(ProjectConfigurationPlatforms) = postSolution
		{BE779A12-53B3-402A-842C-27FF0E552E84}.Debug|Any CPU.ActiveCfg = Debug|Any CPU
		{BE779A12-53B3-402A-842C-27FF0E552E84}.Debug|Any CPU.Build.0 = Debug|Any CPU
		{BE779A12-53B3-402A-842C-27FF0E552E84}.Release|Any CPU.ActiveCfg = Release|Any CPU
		{BE779A12-53B3-402A-842C-27FF0E552E84}.Release|Any CPU.Build.0 = Release|Any CPU
	EndGlobalSection
	GlobalSection(SolutionProperties) = preSolution
		HideSolutionNode = FALSE
	EndGlobalSection
	GlobalSection(ExtensibilityGlobals) = postSolution
		SolutionGuid = {DE15AEA8-101E-43C6-A7A0-B06FBB59BF1D}
	EndGlobalSection
EndGlobal
